
Microsoft Visual Studio Solution File, Format Version 12.00
# Visual Studio Version 16
VisualStudioVersion = 16.0.29424.173
MinimumVisualStudioVersion = 10.0.40219.1
Project("{9A19103F-16F7-4668-BE54-9A1E7A4F7556}") = "FractionClassroom", "HelloGithubClassroom\FractionClassroom.csproj", "{861B3955-DCE4-40B1-B0FE-D9AA3D8BBB3B}"
EndProject
Project("{9A19103F-16F7-4668-BE54-9A1E7A4F7556}") = "FractionTesting", "FractionTesting\FractionTesting.csproj", "{5996A3DC-8EA0-402B-ADC8-80DEB7C3E573}"
	ProjectSection(ProjectDependencies) = postProject
		{861B3955-DCE4-40B1-B0FE-D9AA3D8BBB3B} = {861B3955-DCE4-40B1-B0FE-D9AA3D8BBB3B}
	EndProjectSection
EndProject
Global
	GlobalSection(SolutionConfigurationPlatforms) = preSolution
		Debug|Any CPU = Debug|Any CPU
		Release|Any CPU = Release|Any CPU
	EndGlobalSection
	GlobalSection(ProjectConfigurationPlatforms) = postSolution
		{861B3955-DCE4-40B1-B0FE-D9AA3D8BBB3B}.Debug|Any CPU.ActiveCfg = Debug|Any CPU
		{861B3955-DCE4-40B1-B0FE-D9AA3D8BBB3B}.Debug|Any CPU.Build.0 = Debug|Any CPU
		{861B3955-DCE4-40B1-B0FE-D9AA3D8BBB3B}.Release|Any CPU.ActiveCfg = Release|Any CPU
		{861B3955-DCE4-40B1-B0FE-D9AA3D8BBB3B}.Release|Any CPU.Build.0 = Release|Any CPU
		{5996A3DC-8EA0-402B-ADC8-80DEB7C3E573}.Debug|Any CPU.ActiveCfg = Debug|Any CPU
		{5996A3DC-8EA0-402B-ADC8-80DEB7C3E573}.Debug|Any CPU.Build.0 = Debug|Any CPU
		{5996A3DC-8EA0-402B-ADC8-80DEB7C3E573}.Release|Any CPU.ActiveCfg = Release|Any CPU
		{5996A3DC-8EA0-402B-ADC8-80DEB7C3E573}.Release|Any CPU.Build.0 = Release|Any CPU
	EndGlobalSection
	GlobalSection(SolutionProperties) = preSolution
		HideSolutionNode = FALSE
	EndGlobalSection
	GlobalSection(ExtensibilityGlobals) = postSolution
		SolutionGuid = {63F53CCE-4A0B-454E-9237-ED7130966F26}
	EndGlobalSection
EndGlobal
